{
    "_meta": {
        "hash": {
            "sha256": "01df992aa50c8578fde12b89d58375fecc1de3a237048f26e8c4880c86013924"
        },
        "pipfile-spec": 6,
        "requires": {
            "python_version": "3.9"
        },
        "sources": [
            {
                "name": "pypi",
                "url": "https://pypi.org/simple",
                "verify_ssl": true
            }
        ]
    },
    "default": {
        "norminette": {
            "hashes": [
                "sha256:7ed0cbd125e2dc0f776ac274d22bdbc9fcea5cfb0e7797e1d6ba8fcf58894771"
            ],
            "index": "pypi",
            "version": "==3.3.51"
        }
    },
    "develop": {}
}
